
Microsoft Visual Studio Solution File, Format Version 12.00
# Visual Studio Version 17
VisualStudioVersion = 17.1.32228.430
MinimumVisualStudioVersion = 10.0.40219.1
Project("{9A19103F-16F7-4668-BE54-9A1E7A4F7556}") = "VShop.ProductApi", "VShop.ProductApi\VShop.ProductApi.csproj", "{86F031E7-5D05-4793-AFCE-54FBD9DEEA07}"
EndProject
Project("{FAE04EC0-301F-11D3-BF4B-00C04F79EFBC}") = "VShop.Web", "VShop.Web\VShop.Web.csproj", "{06F8C766-8186-4574-931A-562F97590524}"
EndProject
Global
	GlobalSection(SolutionConfigurationPlatforms) = preSolution
		Debug|Any CPU = Debug|Any CPU
		Release|Any CPU = Release|Any CPU
	EndGlobalSection
	GlobalSection(ProjectConfigurationPlatforms) = postSolution
		{86F031E7-5D05-4793-AFCE-54FBD9DEEA07}.Debug|Any CPU.ActiveCfg = Debug|Any CPU
		{86F031E7-5D05-4793-AFCE-54FBD9DEEA07}.Debug|Any CPU.Build.0 = Debug|Any CPU
		{86F031E7-5D05-4793-AFCE-54FBD9DEEA07}.Release|Any CPU.ActiveCfg = Release|Any CPU
		{86F031E7-5D05-4793-AFCE-54FBD9DEEA07}.Release|Any CPU.Build.0 = Release|Any CPU
		{06F8C766-8186-4574-931A-562F97590524}.Debug|Any CPU.ActiveCfg = Debug|Any CPU
		{06F8C766-8186-4574-931A-562F97590524}.Debug|Any CPU.Build.0 = Debug|Any CPU
		{06F8C766-8186-4574-931A-562F97590524}.Release|Any CPU.ActiveCfg = Release|Any CPU
		{06F8C766-8186-4574-931A-562F97590524}.Release|Any CPU.Build.0 = Release|Any CPU
	EndGlobalSection
	GlobalSection(SolutionProperties) = preSolution
		HideSolutionNode = FALSE
	EndGlobalSection
	GlobalSection(ExtensibilityGlobals) = postSolution
		SolutionGuid = {3A4B7B85-3C1B-41EE-9FF4-55693647C5B2}
	EndGlobalSection
EndGlobal
